// !$*UTF8*$!
{
	archiveVersion = 1;
	classes = {
	};
	objectVersion = 46;
	objects = {

/* Begin PBXBuildFile section */
		504EC0151B3A355E0027CFD3 /* TaskTableViewCell.m in Sources */ = {isa = PBXBuildFile; fileRef = 504EC0141B3A355E0027CFD3 /* TaskTableViewCell.m */; };
		50D746881B13E3D000C402BB /* main.m in Sources */ = {isa = PBXBuildFile; fileRef = 50D746871B13E3D000C402BB /* main.m */; };
		50D7468B1B13E3D000C402BB /* AppDelegate.m in Sources */ = {isa = PBXBuildFile; fileRef = 50D7468A1B13E3D000C402BB /* AppDelegate.m */; };
		50D7468E1B13E3D000C402BB /* OverDue_Tasks_List.xcdatamodeld in Sources */ = {isa = PBXBuildFile; fileRef = 50D7468C1B13E3D000C402BB /* OverDue_Tasks_List.xcdatamodeld */; };
		50D746911B13E3D000C402BB /* ViewController.m in Sources */ = {isa = PBXBuildFile; fileRef = 50D746901B13E3D000C402BB /* ViewController.m */; };
		50D746941B13E3D000C402BB /* Main.storyboard in Resources */ = {isa = PBXBuildFile; fileRef = 50D746921B13E3D000C402BB /* Main.storyboard */; };
		50D746961B13E3D000C402BB /* Images.xcassets in Resources */ = {isa = PBXBuildFile; fileRef = 50D746951B13E3D000C402BB /* Images.xcassets */; };
		50D746991B13E3D000C402BB /* LaunchScreen.xib in Resources */ = {isa = PBXBuildFile; fileRef = 50D746971B13E3D000C402BB /* LaunchScreen.xib */; };
		50D746A51B13E3D000C402BB /* OverDue_Tasks_ListTests.m in Sources */ = {isa = PBXBuildFile; fileRef = 50D746A41B13E3D000C402BB /* OverDue_Tasks_ListTests.m */; };
		50D746B01B13E44100C402BB /* AddTaskViewController.m in Sources */ = {isa = PBXBuildFile; fileRef = 50D746AF1B13E44100C402BB /* AddTaskViewController.m */; };
		50D746B31B13E45600C402BB /* DetailTaskViewController.m in Sources */ = {isa = PBXBuildFile; fileRef = 50D746B21B13E45600C402BB /* DetailTaskViewController.m */; };
		50D746B61B13E47100C402BB /* EditTaskViewController.m in Sources */ = {isa = PBXBuildFile; fileRef = 50D746B51B13E47100C402BB /* EditTaskViewController.m */; };
		50FD8B5F1B1547910007C6E9 /* Task.m in Sources */ = {isa = PBXBuildFile; fileRef = 50FD8B5E1B1547910007C6E9 /* Task.m */; };
/* End PBXBuildFile section */

/* Begin PBXContainerItemProxy section */
		50D7469F1B13E3D000C402BB /* PBXContainerItemProxy */ = {
			isa = PBXContainerItemProxy;
			containerPortal = 50D7467A1B13E3D000C402BB /* Project object */;
			proxyType = 1;
			remoteGlobalIDString = 50D746811B13E3D000C402BB;
			remoteInfo = "OverDue Tasks List";
		};
/* End PBXContainerItemProxy section */

/* Begin PBXFileReference section */
		504EC0131B3A355E0027CFD3 /* TaskTableViewCell.h */ = {isa = PBXFileReference; fileEncoding = 4; lastKnownFileType = sourcecode.c.h; path = TaskTableViewCell.h; sourceTree = "<group>"; };
		504EC0141B3A355E0027CFD3 /* TaskTableViewCell.m */ = {isa = PBXFileReference; fileEncoding = 4; lastKnownFileType = sourcecode.c.objc; path = TaskTableViewCell.m; sourceTree = "<group>"; };
		50D746821B13E3D000C402BB /* OverDue Tasks List.app */ = {isa = PBXFileReference; explicitFileType = wrapper.application; includeInIndex = 0; path = "OverDue Tasks List.app"; sourceTree = BUILT_PRODUCTS_DIR; };
		50D746861B13E3D000C402BB /* Info.plist */ = {isa = PBXFileReference; lastKnownFileType = text.plist.xml; path = Info.plist; sourceTree = "<group>"; };
		50D746871B13E3D000C402BB /* main.m */ = {isa = PBXFileReference; lastKnownFileType = sourcecode.c.objc; path = main.m; sourceTree = "<group>"; };
		50D746891B13E3D000C402BB /* AppDelegate.h */ = {isa = PBXFileReference; lastKnownFileType = sourcecode.c.h; path = AppDelegate.h; sourceTree = "<group>"; };
		50D7468A1B13E3D000C402BB /* AppDelegate.m */ = {isa = PBXFileReference; lastKnownFileType = sourcecode.c.objc; path = AppDelegate.m; sourceTree = "<group>"; };
		50D7468D1B13E3D000C402BB /* OverDue_Tasks_List.xcdatamodel */ = {isa = PBXFileReference; lastKnownFileType = wrapper.xcdatamodel; path = OverDue_Tasks_List.xcdatamodel; sourceTree = "<group>"; };
		50D7468F1B13E3D000C402BB /* ViewController.h */ = {isa = PBXFileReference; lastKnownFileType = sourcecode.c.h; path = ViewController.h; sourceTree = "<group>"; };
		50D746901B13E3D000C402BB /* ViewController.m */ = {isa = PBXFileReference; lastKnownFileType = sourcecode.c.objc; path = ViewController.m; sourceTree = "<group>"; };
		50D746931B13E3D000C402BB /* Base */ = {isa = PBXFileReference; lastKnownFileType = file.storyboard; name = Base; path = Base.lproj/Main.storyboard; sourceTree = "<group>"; };
		50D746951B13E3D000C402BB /* Images.xcassets */ = {isa = PBXFileReference; lastKnownFileType = folder.assetcatalog; path = Images.xcassets; sourceTree = "<group>"; };
		50D746981B13E3D000C402BB /* Base */ = {isa = PBXFileReference; lastKnownFileType = file.xib; name = Base; path = Base.lproj/LaunchScreen.xib; sourceTree = "<group>"; };
		50D7469E1B13E3D000C402BB /* OverDue Tasks ListTests.xctest */ = {isa = PBXFileReference; explicitFileType = wrapper.cfbundle; includeInIndex = 0; path = "OverDue Tasks ListTests.xctest"; sourceTree = BUILT_PRODUCTS_DIR; };
		50D746A31B13E3D000C402BB /* Info.plist */ = {isa = PBXFileReference; lastKnownFileType = text.plist.xml; path = Info.plist; sourceTree = "<group>"; };
		50D746A41B13E3D000C402BB /* OverDue_Tasks_ListTests.m */ = {isa = PBXFileReference; lastKnownFileType = sourcecode.c.objc; path = OverDue_Tasks_ListTests.m; sourceTree = "<group>"; };
		50D746AE1B13E44100C402BB /* AddTaskViewController.h */ = {isa = PBXFileReference; fileEncoding = 4; lastKnownFileType = sourcecode.c.h; path = AddTaskViewController.h; sourceTree = "<group>"; };
		50D746AF1B13E44100C402BB /* AddTaskViewController.m */ = {isa = PBXFileReference; fileEncoding = 4; lastKnownFileType = sourcecode.c.objc; path = AddTaskViewController.m; sourceTree = "<group>"; };
		50D746B11B13E45600C402BB /* DetailTaskViewController.h */ = {isa = PBXFileReference; fileEncoding = 4; lastKnownFileType = sourcecode.c.h; path = DetailTaskViewController.h; sourceTree = "<group>"; };
		50D746B21B13E45600C402BB /* DetailTaskViewController.m */ = {isa = PBXFileReference; fileEncoding = 4; lastKnownFileType = sourcecode.c.objc; path = DetailTaskViewController.m; sourceTree = "<group>"; };
		50D746B41B13E47100C402BB /* EditTaskViewController.h */ = {isa = PBXFileReference; fileEncoding = 4; lastKnownFileType = sourcecode.c.h; path = EditTaskViewController.h; sourceTree = "<group>"; };
		50D746B51B13E47100C402BB /* EditTaskViewController.m */ = {isa = PBXFileReference; fileEncoding = 4; lastKnownFileType = sourcecode.c.objc; path = EditTaskViewController.m; sourceTree = "<group>"; };
		50FD8B5C1B15446D0007C6E9 /* PrefixHeader.pch */ = {isa = PBXFileReference; lastKnownFileType = sourcecode.c.h; path = PrefixHeader.pch; sourceTree = "<group>"; };
		50FD8B5D1B1547910007C6E9 /* Task.h */ = {isa = PBXFileReference; fileEncoding = 4; lastKnownFileType = sourcecode.c.h; path = Task.h; sourceTree = "<group>"; };
		50FD8B5E1B1547910007C6E9 /* Task.m */ = {isa = PBXFileReference; fileEncoding = 4; lastKnownFileType = sourcecode.c.objc; path = Task.m; sourceTree = "<group>"; };
/* End PBXFileReference section */

/* Begin PBXFrameworksBuildPhase section */
		50D7467F1B13E3D000C402BB /* Frameworks */ = {
			isa = PBXFrameworksBuildPhase;
			buildActionMask = 2147483647;
			files = (
			);
			runOnlyForDeploymentPostprocessing = 0;
		};
		50D7469B1B13E3D000C402BB /* Frameworks */ = {
			isa = PBXFrameworksBuildPhase;
			buildActionMask = 2147483647;
			files = (
			);
			runOnlyForDeploymentPostprocessing = 0;
		};
/* End PBXFrameworksBuildPhase section */

/* Begin PBXGroup section */
		50D746791B13E3D000C402BB = {
			isa = PBXGroup;
			children = (
				50FD8B601B1547990007C6E9 /* Task */,
				50D746841B13E3D000C402BB /* OverDue Tasks List */,
				50D746A11B13E3D000C402BB /* OverDue Tasks ListTests */,
				50D746831B13E3D000C402BB /* Products */,
			);
			sourceTree = "<group>";
		};
		50D746831B13E3D000C402BB /* Products */ = {
			isa = PBXGroup;
			children = (
				50D746821B13E3D000C402BB /* OverDue Tasks List.app */,
				50D7469E1B13E3D000C402BB /* OverDue Tasks ListTests.xctest */,
			);
			name = Products;
			sourceTree = "<group>";
		};
		50D746841B13E3D000C402BB /* OverDue Tasks List */ = {
			isa = PBXGroup;
			children = (
				50D746891B13E3D000C402BB /* AppDelegate.h */,
				50D7468A1B13E3D000C402BB /* AppDelegate.m */,
				50D746B71B13E48300C402BB /* Main VC */,
				50D746B81B13E48B00C402BB /* Add Task VC */,
				50D746BA1B13E4A000C402BB /* Edit Task VC */,
				50D746B91B13E49500C402BB /* Detail Task VC */,
				50D746921B13E3D000C402BB /* Main.storyboard */,
				50FD8B5C1B15446D0007C6E9 /* PrefixHeader.pch */,
				50D746951B13E3D000C402BB /* Images.xcassets */,
				50D746971B13E3D000C402BB /* LaunchScreen.xib */,
				50D7468C1B13E3D000C402BB /* OverDue_Tasks_List.xcdatamodeld */,
				50D746851B13E3D000C402BB /* Supporting Files */,
			);
			path = "OverDue Tasks List";
			sourceTree = "<group>";
		};
		50D746851B13E3D000C402BB /* Supporting Files */ = {
			isa = PBXGroup;
			children = (
				50D746861B13E3D000C402BB /* Info.plist */,
				50D746871B13E3D000C402BB /* main.m */,
			);
			name = "Supporting Files";
			sourceTree = "<group>";
		};
		50D746A11B13E3D000C402BB /* OverDue Tasks ListTests */ = {
			isa = PBXGroup;
			children = (
				50D746A41B13E3D000C402BB /* OverDue_Tasks_ListTests.m */,
				50D746A21B13E3D000C402BB /* Supporting Files */,
			);
			path = "OverDue Tasks ListTests";
			sourceTree = "<group>";
		};
		50D746A21B13E3D000C402BB /* Supporting Files */ = {
			isa = PBXGroup;
			children = (
				50D746A31B13E3D000C402BB /* Info.plist */,
			);
			name = "Supporting Files";
			sourceTree = "<group>";
		};
		50D746B71B13E48300C402BB /* Main VC */ = {
			isa = PBXGroup;
			children = (
				50D7468F1B13E3D000C402BB /* ViewController.h */,
				50D746901B13E3D000C402BB /* ViewController.m */,
			);
			name = "Main VC";
			sourceTree = "<group>";
		};
		50D746B81B13E48B00C402BB /* Add Task VC */ = {
			isa = PBXGroup;
			children = (
				50D746AE1B13E44100C402BB /* AddTaskViewController.h */,
				50D746AF1B13E44100C402BB /* AddTaskViewController.m */,
			);
			name = "Add Task VC";
			sourceTree = "<group>";
		};
		50D746B91B13E49500C402BB /* Detail Task VC */ = {
			isa = PBXGroup;
			children = (
				50D746B11B13E45600C402BB /* DetailTaskViewController.h */,
				50D746B21B13E45600C402BB /* DetailTaskViewController.m */,
			);
			name = "Detail Task VC";
			sourceTree = "<group>";
		};
		50D746BA1B13E4A000C402BB /* Edit Task VC */ = {
			isa = PBXGroup;
			children = (
				50D746B41B13E47100C402BB /* EditTaskViewController.h */,
				50D746B51B13E47100C402BB /* EditTaskViewController.m */,
			);
			name = "Edit Task VC";
			sourceTree = "<group>";
		};
		50FD8B601B1547990007C6E9 /* Task */ = {
			isa = PBXGroup;
			children = (
				504EC0131B3A355E0027CFD3 /* TaskTableViewCell.h */,
				504EC0141B3A355E0027CFD3 /* TaskTableViewCell.m */,
				50FD8B5D1B1547910007C6E9 /* Task.h */,
				50FD8B5E1B1547910007C6E9 /* Task.m */,
			);
			name = Task;
			path = "OverDue Tasks List";
			sourceTree = "<group>";
		};
/* End PBXGroup section */

/* Begin PBXNativeTarget section */
		50D746811B13E3D000C402BB /* OverDue Tasks List */ = {
			isa = PBXNativeTarget;
			buildConfigurationList = 50D746A81B13E3D000C402BB /* Build configuration list for PBXNativeTarget "OverDue Tasks List" */;
			buildPhases = (
				50D7467E1B13E3D000C402BB /* Sources */,
				50D7467F1B13E3D000C402BB /* Frameworks */,
				50D746801B13E3D000C402BB /* Resources */,
			);
			buildRules = (
			);
			dependencies = (
			);
			name = "OverDue Tasks List";
			productName = "OverDue Tasks List";
			productReference = 50D746821B13E3D000C402BB /* OverDue Tasks List.app */;
			productType = "com.apple.product-type.application";
		};
		50D7469D1B13E3D000C402BB /* OverDue Tasks ListTests */ = {
			isa = PBXNativeTarget;
			buildConfigurationList = 50D746AB1B13E3D000C402BB /* Build configuration list for PBXNativeTarget "OverDue Tasks ListTests" */;
			buildPhases = (
				50D7469A1B13E3D000C402BB /* Sources */,
				50D7469B1B13E3D000C402BB /* Frameworks */,
				50D7469C1B13E3D000C402BB /* Resources */,
			);
			buildRules = (
			);
			dependencies = (
				50D746A01B13E3D000C402BB /* PBXTargetDependency */,
			);
			name = "OverDue Tasks ListTests";
			productName = "OverDue Tasks ListTests";
			productReference = 50D7469E1B13E3D000C402BB /* OverDue Tasks ListTests.xctest */;
			productType = "com.apple.product-type.bundle.unit-test";
		};
/* End PBXNativeTarget section */

/* Begin PBXProject section */
		50D7467A1B13E3D000C402BB /* Project object */ = {
			isa = PBXProject;
			attributes = {
				LastUpgradeCheck = 0630;
				ORGANIZATIONNAME = "Albert Saucedo";
				TargetAttributes = {
					50D746811B13E3D000C402BB = {
						CreatedOnToolsVersion = 6.3.2;
					};
					50D7469D1B13E3D000C402BB = {
						CreatedOnToolsVersion = 6.3.2;
						TestTargetID = 50D746811B13E3D000C402BB;
					};
				};
			};
			buildConfigurationList = 50D7467D1B13E3D000C402BB /* Build configuration list for PBXProject "OverDue Tasks List" */;
			compatibilityVersion = "Xcode 3.2";
			developmentRegion = English;
			hasScannedForEncodings = 0;
			knownRegions = (
				en,
				Base,
			);
			mainGroup = 50D746791B13E3D000C402BB;
			productRefGroup = 50D746831B13E3D000C402BB /* Products */;
			projectDirPath = "";
			projectRoot = "";
			targets = (
				50D746811B13E3D000C402BB /* OverDue Tasks List */,
				50D7469D1B13E3D000C402BB /* OverDue Tasks ListTests */,
			);
		};
/* End PBXProject section */

/* Begin PBXResourcesBuildPhase section */
		50D746801B13E3D000C402BB /* Resources */ = {
			isa = PBXResourcesBuildPhase;
			buildActionMask = 2147483647;
			files = (
				50D746941B13E3D000C402BB /* Main.storyboard in Resources */,
				50D746991B13E3D000C402BB /* LaunchScreen.xib in Resources */,
				50D746961B13E3D000C402BB /* Images.xcassets in Resources */,
			);
			runOnlyForDeploymentPostprocessing = 0;
		};
		50D7469C1B13E3D000C402BB /* Resources */ = {
			isa = PBXResourcesBuildPhase;
			buildActionMask = 2147483647;
			files = (
			);
			runOnlyForDeploymentPostprocessing = 0;
		};
/* End PBXResourcesBuildPhase section */

/* Begin PBXSourcesBuildPhase section */
		50D7467E1B13E3D000C402BB /* Sources */ = {
			isa = PBXSourcesBuildPhase;
			buildActionMask = 2147483647;
			files = (
				50D746B01B13E44100C402BB /* AddTaskViewController.m in Sources */,
				50D7468E1B13E3D000C402BB /* OverDue_Tasks_List.xcdatamodeld in Sources */,
				504EC0151B3A355E0027CFD3 /* TaskTableViewCell.m in Sources */,
				50D746B31B13E45600C402BB /* DetailTaskViewController.m in Sources */,
				50D7468B1B13E3D000C402BB /* AppDelegate.m in Sources */,
				50FD8B5F1B1547910007C6E9 /* Task.m in Sources */,
				50D746B61B13E47100C402BB /* EditTaskViewController.m in Sources */,
				50D746911B13E3D000C402BB /* ViewController.m in Sources */,
				50D746881B13E3D000C402BB /* main.m in Sources */,
			);
			runOnlyForDeploymentPostprocessing = 0;
		};
		50D7469A1B13E3D000C402BB /* Sources */ = {
			isa = PBXSourcesBuildPhase;
			buildActionMask = 2147483647;
			files = (
				50D746A51B13E3D000C402BB /* OverDue_Tasks_ListTests.m in Sources */,
			);
			runOnlyForDeploymentPostprocessing = 0;
		};
/* End PBXSourcesBuildPhase section */

/* Begin PBXTargetDependency section */
		50D746A01B13E3D000C402BB /* PBXTargetDependency */ = {
			isa = PBXTargetDependency;
			target = 50D746811B13E3D000C402BB /* OverDue Tasks List */;
			targetProxy = 50D7469F1B13E3D000C402BB /* PBXContainerItemProxy */;
		};
/* End PBXTargetDependency section */

/* Begin PBXVariantGroup section */
		50D746921B13E3D000C402BB /* Main.storyboard */ = {
			isa = PBXVariantGroup;
			children = (
				50D746931B13E3D000C402BB /* Base */,
			);
			name = Main.storyboard;
			sourceTree = "<group>";
		};
		50D746971B13E3D000C402BB /* LaunchScreen.xib */ = {
			isa = PBXVariantGroup;
			children = (
				50D746981B13E3D000C402BB /* Base */,
			);
			name = LaunchScreen.xib;
			sourceTree = "<group>";
		};
/* End PBXVariantGroup section */

/* Begin XCBuildConfiguration section */
		50D746A61B13E3D000C402BB /* Debug */ = {
			isa = XCBuildConfiguration;
			buildSettings = {
				ALWAYS_SEARCH_USER_PATHS = NO;
				CLANG_CXX_LANGUAGE_STANDARD = "gnu++0x";
				CLANG_CXX_LIBRARY = "libc++";
				CLANG_ENABLE_MODULES = YES;
				CLANG_ENABLE_OBJC_ARC = YES;
				CLANG_WARN_BOOL_CONVERSION = YES;
				CLANG_WARN_CONSTANT_CONVERSION = YES;
				CLANG_WARN_DIRECT_OBJC_ISA_USAGE = YES_ERROR;
				CLANG_WARN_EMPTY_BODY = YES;
				CLANG_WARN_ENUM_CONVERSION = YES;
				CLANG_WARN_INT_CONVERSION = YES;
				CLANG_WARN_OBJC_ROOT_CLASS = YES_ERROR;
				CLANG_WARN_UNREACHABLE_CODE = YES;
				CLANG_WARN__DUPLICATE_METHOD_MATCH = YES;
				"CODE_SIGN_IDENTITY[sdk=iphoneos*]" = "iPhone Developer";
				COPY_PHASE_STRIP = NO;
				DEBUG_INFORMATION_FORMAT = "dwarf-with-dsym";
				ENABLE_STRICT_OBJC_MSGSEND = YES;
				GCC_C_LANGUAGE_STANDARD = gnu99;
				GCC_DYNAMIC_NO_PIC = NO;
				GCC_NO_COMMON_BLOCKS = YES;
				GCC_OPTIMIZATION_LEVEL = 0;
				GCC_PREPROCESSOR_DEFINITIONS = (
					"DEBUG=1",
					"$(inherited)",
				);
				GCC_SYMBOLS_PRIVATE_EXTERN = NO;
				GCC_WARN_64_TO_32_BIT_CONVERSION = YES;
				GCC_WARN_ABOUT_RETURN_TYPE = YES_ERROR;
				GCC_WARN_UNDECLARED_SELECTOR = YES;
				GCC_WARN_UNINITIALIZED_AUTOS = YES_AGGRESSIVE;
				GCC_WARN_UNUSED_FUNCTION = YES;
				GCC_WARN_UNUSED_VARIABLE = YES;
				IPHONEOS_DEPLOYMENT_TARGET = 8.3;
				MTL_ENABLE_DEBUG_INFO = YES;
				ONLY_ACTIVE_ARCH = YES;
				SDKROOT = iphoneos;
			};
			name = Debug;
		};
		50D746A71B13E3D000C402BB /* Release */ = {
			isa = XCBuildConfiguration;
			buildSettings = {
				ALWAYS_SEARCH_USER_PATHS = NO;
				CLANG_CXX_LANGUAGE_STANDARD = "gnu++0x";
				CLANG_CXX_LIBRARY = "libc++";
				CLANG_ENABLE_MODULES = YES;
				CLANG_ENABLE_OBJC_ARC = YES;
				CLANG_WARN_BOOL_CONVERSION = YES;
				CLANG_WARN_CONSTANT_CONVERSION = YES;
				CLANG_WARN_DIRECT_OBJC_ISA_USAGE = YES_ERROR;
				CLANG_WARN_EMPTY_BODY = YES;
				CLANG_WARN_ENUM_CONVERSION = YES;
				CLANG_WARN_INT_CONVERSION = YES;
				CLANG_WARN_OBJC_ROOT_CLASS = YES_ERROR;
				CLANG_WARN_UNREACHABLE_CODE = YES;
				CLANG_WARN__DUPLICATE_METHOD_MATCH = YES;
				"CODE_SIGN_IDENTITY[sdk=iphoneos*]" = "iPhone Developer";
				COPY_PHASE_STRIP = NO;
				DEBUG_INFORMATION_FORMAT = "dwarf-with-dsym";
				ENABLE_NS_ASSERTIONS = NO;
				ENABLE_STRICT_OBJC_MSGSEND = YES;
				GCC_C_LANGUAGE_STANDARD = gnu99;
				GCC_NO_COMMON_BLOCKS = YES;
				GCC_WARN_64_TO_32_BIT_CONVERSION = YES;
				GCC_WARN_ABOUT_RETURN_TYPE = YES_ERROR;
				GCC_WARN_UNDECLARED_SELECTOR = YES;
				GCC_WARN_UNINITIALIZED_AUTOS = YES_AGGRESSIVE;
				GCC_WARN_UNUSED_FUNCTION = YES;
				GCC_WARN_UNUSED_VARIABLE = YES;
				IPHONEOS_DEPLOYMENT_TARGET = 8.3;
				MTL_ENABLE_DEBUG_INFO = NO;
				SDKROOT = iphoneos;
				VALIDATE_PRODUCT = YES;
			};
			name = Release;
		};
		50D746A91B13E3D000C402BB /* Debug */ = {
			isa = XCBuildConfiguration;
			buildSettings = {
				ASSETCATALOG_COMPILER_APPICON_NAME = AppIcon;
				GCC_PRECOMPILE_PREFIX_HEADER = YES;
				GCC_PREFIX_HEADER = "OverDue Tasks List/PrefixHeader.pch";
				INFOPLIST_FILE = "OverDue Tasks List/Info.plist";
				LD_RUNPATH_SEARCH_PATHS = "$(inherited) @executable_path/Frameworks";
				PRODUCT_NAME = "$(TARGET_NAME)";
			};
			name = Debug;
		};
		50D746AA1B13E3D000C402BB /* Release */ = {
			isa = XCBuildConfiguration;
			buildSettings = {
				ASSETCATALOG_COMPILER_APPICON_NAME = AppIcon;
				GCC_PRECOMPILE_PREFIX_HEADER = YES;
				GCC_PREFIX_HEADER = "OverDue Tasks List/PrefixHeader.pch";
				INFOPLIST_FILE = "OverDue Tasks List/Info.plist";
				LD_RUNPATH_SEARCH_PATHS = "$(inherited) @executable_path/Frameworks";
				PRODUCT_NAME = "$(TARGET_NAME)";
			};
			name = Release;
		};
		50D746AC1B13E3D000C402BB /* Debug */ = {
			isa = XCBuildConfiguration;
			buildSettings = {
				BUNDLE_LOADER = "$(TEST_HOST)";
				FRAMEWORK_SEARCH_PATHS = (
					"$(SDKROOT)/Developer/Library/Frameworks",
					"$(inherited)",
				);
				GCC_PREPROCESSOR_DEFINITIONS = (
					"DEBUG=1",
					"$(inherited)",
				);
				INFOPLIST_FILE = "OverDue Tasks ListTests/Info.plist";
				LD_RUNPATH_SEARCH_PATHS = "$(inherited) @executable_path/Frameworks @loader_path/Frameworks";
				PRODUCT_NAME = "$(TARGET_NAME)";
				TEST_HOST = "$(BUILT_PRODUCTS_DIR)/OverDue Tasks List.app/OverDue Tasks List";
			};
			name = Debug;
		};
		50D746AD1B13E3D000C402BB /* Release */ = {
			isa = XCBuildConfiguration;
			buildSettings = {
				BUNDLE_LOADER = "$(TEST_HOST)";
				FRAMEWORK_SEARCH_PATHS = (
					"$(SDKROOT)/Developer/Library/Frameworks",
					"$(inherited)",
				);
				INFOPLIST_FILE = "OverDue Tasks ListTests/Info.plist";
				LD_RUNPATH_SEARCH_PATHS = "$(inherited) @executable_path/Frameworks @loader_path/Frameworks";
				PRODUCT_NAME = "$(TARGET_NAME)";
				TEST_HOST = "$(BUILT_PRODUCTS_DIR)/OverDue Tasks List.app/OverDue Tasks List";
			};
			name = Release;
		};
/* End XCBuildConfiguration section */

/* Begin XCConfigurationList section */
		50D7467D1B13E3D000C402BB /* Build configuration list for PBXProject "OverDue Tasks List" */ = {
			isa = XCConfigurationList;
			buildConfigurations = (
				50D746A61B13E3D000C402BB /* Debug */,
				50D746A71B13E3D000C402BB /* Release */,
			);
			defaultConfigurationIsVisible = 0;
			defaultConfigurationName = Release;
		};
		50D746A81B13E3D000C402BB /* Build configuration list for PBXNativeTarget "OverDue Tasks List" */ = {
			isa = XCConfigurationList;
			buildConfigurations = (
				50D746A91B13E3D000C402BB /* Debug */,
				50D746AA1B13E3D000C402BB /* Release */,
			);
			defaultConfigurationIsVisible = 0;
			defaultConfigurationName = Release;
		};
		50D746AB1B13E3D000C402BB /* Build configuration list for PBXNativeTarget "OverDue Tasks ListTests" */ = {
			isa = XCConfigurationList;
			buildConfigurations = (
				50D746AC1B13E3D000C402BB /* Debug */,
				50D746AD1B13E3D000C402BB /* Release */,
			);
			defaultConfigurationIsVisible = 0;
			defaultConfigurationName = Release;
		};
/* End XCConfigurationList section */

/* Begin XCVersionGroup section */
		50D7468C1B13E3D000C402BB /* OverDue_Tasks_List.xcdatamodeld */ = {
			isa = XCVersionGroup;
			children = (
				50D7468D1B13E3D000C402BB /* OverDue_Tasks_List.xcdatamodel */,
			);
			currentVersion = 50D7468D1B13E3D000C402BB /* OverDue_Tasks_List.xcdatamodel */;
			path = OverDue_Tasks_List.xcdatamodeld;
			sourceTree = "<group>";
			versionGroupType = wrapper.xcdatamodel;
		};
/* End XCVersionGroup section */
	};
	rootObject = 50D7467A1B13E3D000C402BB /* Project object */;
}
